{
  "version": 2,
  "dependencies": {
    "net8.0-windows7.0": {
      "dwgtranslator.agent": {
        "type": "Project",
        "dependencies": {
          "DwgTranslator.Application": "[1.0.0, )"
        }
      },
      "dwgtranslator.application": {
        "type": "Project",
        "dependencies": {
          "DwgTranslator.Contracts": "[1.0.0, )",
          "DwgTranslator.Domain": "[1.0.0, )"
        }
      },
      "dwgtranslator.contracts": {
        "type": "Project"
      },
      "dwgtranslator.domain": {
        "type": "Project"
      },
      "dwgtranslator.infrastructure.windows": {
        "type": "Project",
        "dependencies": {
          "DwgTranslator.Application": "[1.0.0, )",
          "DwgTranslator.Contracts": "[1.0.0, )",
          "DwgTranslator.Transport.Core": "[1.0.0, )",
          "DwgTranslator.Transport.Windows": "[1.0.0, )"
        }
      },
      "dwgtranslator.transport.core": {
        "type": "Project",
        "dependencies": {
          "DwgTranslator.Contracts": "[1.0.0, )"
        }
      },
      "dwgtranslator.transport.windows": {
        "type": "Project",
        "dependencies": {
          "DwgTranslator.Contracts": "[1.0.0, )",
          "DwgTranslator.Transport.Core": "[1.0.0, )"
        }
      }
    }
  }
}